// !$*UTF8*$!
{
	archiveVersion = 1;
	classes = {
	};
	objectVersion = 56;
	objects = {

/* Begin PBXBuildFile section */
		3A1DB1F62973E27900A56670 /* AppDelegate.swift in Sources */ = {isa = PBXBuildFile; fileRef = 3A1DB1F52973E27900A56670 /* AppDelegate.swift */; };
		3A1DB1F82973E27900A56670 /* SceneDelegate.swift in Sources */ = {isa = PBXBuildFile; fileRef = 3A1DB1F72973E27900A56670 /* SceneDelegate.swift */; };
		3A1DB1FA2973E27900A56670 /* ViewController.swift in Sources */ = {isa = PBXBuildFile; fileRef = 3A1DB1F92973E27900A56670 /* ViewController.swift */; };
		3A1DB1FD2973E27900A56670 /* Main.storyboard in Resources */ = {isa = PBXBuildFile; fileRef = 3A1DB1FB2973E27900A56670 /* Main.storyboard */; };
		3A1DB1FF2973E27A00A56670 /* Assets.xcassets in Resources */ = {isa = PBXBuildFile; fileRef = 3A1DB1FE2973E27A00A56670 /* Assets.xcassets */; };
		3A1DB2022973E27A00A56670 /* LaunchScreen.storyboard in Resources */ = {isa = PBXBuildFile; fileRef = 3A1DB2002973E27A00A56670 /* LaunchScreen.storyboard */; };
		3A1DB20D2973E27A00A56670 /* delegate_timerTests.swift in Sources */ = {isa = PBXBuildFile; fileRef = 3A1DB20C2973E27A00A56670 /* delegate_timerTests.swift */; };
		3A1DB2172973E27A00A56670 /* delegate_timerUITests.swift in Sources */ = {isa = PBXBuildFile; fileRef = 3A1DB2162973E27A00A56670 /* delegate_timerUITests.swift */; };
		3A1DB2192973E27A00A56670 /* delegate_timerUITestsLaunchTests.swift in Sources */ = {isa = PBXBuildFile; fileRef = 3A1DB2182973E27A00A56670 /* delegate_timerUITestsLaunchTests.swift */; };
/* End PBXBuildFile section */

/* Begin PBXContainerItemProxy section */
		3A1DB2092973E27A00A56670 /* PBXContainerItemProxy */ = {
			isa = PBXContainerItemProxy;
			containerPortal = 3A1DB1EA2973E27900A56670 /* Project object */;
			proxyType = 1;
			remoteGlobalIDString = 3A1DB1F12973E27900A56670;
			remoteInfo = "delegate-timer";
		};
		3A1DB2132973E27A00A56670 /* PBXContainerItemProxy */ = {
			isa = PBXContainerItemProxy;
			containerPortal = 3A1DB1EA2973E27900A56670 /* Project object */;
			proxyType = 1;
			remoteGlobalIDString = 3A1DB1F12973E27900A56670;
			remoteInfo = "delegate-timer";
		};
/* End PBXContainerItemProxy section */

/* Begin PBXFileReference section */
		3A1DB1F22973E27900A56670 /* delegate-timer.app */ = {isa = PBXFileReference; explicitFileType = wrapper.application; includeInIndex = 0; path = "delegate-timer.app"; sourceTree = BUILT_PRODUCTS_DIR; };
		3A1DB1F52973E27900A56670 /* AppDelegate.swift */ = {isa = PBXFileReference; lastKnownFileType = sourcecode.swift; path = AppDelegate.swift; sourceTree = "<group>"; };
		3A1DB1F72973E27900A56670 /* SceneDelegate.swift */ = {isa = PBXFileReference; lastKnownFileType = sourcecode.swift; path = SceneDelegate.swift; sourceTree = "<group>"; };
		3A1DB1F92973E27900A56670 /* ViewController.swift */ = {isa = PBXFileReference; lastKnownFileType = sourcecode.swift; path = ViewController.swift; sourceTree = "<group>"; };
		3A1DB1FC2973E27900A56670 /* Base */ = {isa = PBXFileReference; lastKnownFileType = file.storyboard; name = Base; path = Base.lproj/Main.storyboard; sourceTree = "<group>"; };
		3A1DB1FE2973E27A00A56670 /* Assets.xcassets */ = {isa = PBXFileReference; lastKnownFileType = folder.assetcatalog; path = Assets.xcassets; sourceTree = "<group>"; };
		3A1DB2012973E27A00A56670 /* Base */ = {isa = PBXFileReference; lastKnownFileType = file.storyboard; name = Base; path = Base.lproj/LaunchScreen.storyboard; sourceTree = "<group>"; };
		3A1DB2032973E27A00A56670 /* Info.plist */ = {isa = PBXFileReference; lastKnownFileType = text.plist.xml; path = Info.plist; sourceTree = "<group>"; };
		3A1DB2082973E27A00A56670 /* delegate-timerTests.xctest */ = {isa = PBXFileReference; explicitFileType = wrapper.cfbundle; includeInIndex = 0; path = "delegate-timerTests.xctest"; sourceTree = BUILT_PRODUCTS_DIR; };
		3A1DB20C2973E27A00A56670 /* delegate_timerTests.swift */ = {isa = PBXFileReference; lastKnownFileType = sourcecode.swift; path = delegate_timerTests.swift; sourceTree = "<group>"; };
		3A1DB2122973E27A00A56670 /* delegate-timerUITests.xctest */ = {isa = PBXFileReference; explicitFileType = wrapper.cfbundle; includeInIndex = 0; path = "delegate-timerUITests.xctest"; sourceTree = BUILT_PRODUCTS_DIR; };
		3A1DB2162973E27A00A56670 /* delegate_timerUITests.swift */ = {isa = PBXFileReference; lastKnownFileType = sourcecode.swift; path = delegate_timerUITests.swift; sourceTree = "<group>"; };
		3A1DB2182973E27A00A56670 /* delegate_timerUITestsLaunchTests.swift */ = {isa = PBXFileReference; lastKnownFileType = sourcecode.swift; path = delegate_timerUITestsLaunchTests.swift; sourceTree = "<group>"; };
/* End PBXFileReference section */

/* Begin PBXFrameworksBuildPhase section */
		3A1DB1EF2973E27900A56670 /* Frameworks */ = {
			isa = PBXFrameworksBuildPhase;
			buildActionMask = 2147483647;
			files = (
			);
			runOnlyForDeploymentPostprocessing = 0;
		};
		3A1DB2052973E27A00A56670 /* Frameworks */ = {
			isa = PBXFrameworksBuildPhase;
			buildActionMask = 2147483647;
			files = (
			);
			runOnlyForDeploymentPostprocessing = 0;
		};
		3A1DB20F2973E27A00A56670 /* Frameworks */ = {
			isa = PBXFrameworksBuildPhase;
			buildActionMask = 2147483647;
			files = (
			);
			runOnlyForDeploymentPostprocessing = 0;
		};
/* End PBXFrameworksBuildPhase section */

/* Begin PBXGroup section */
		3A1DB1E92973E27900A56670 = {
			isa = PBXGroup;
			children = (
				3A1DB1F42973E27900A56670 /* delegate-timer */,
				3A1DB20B2973E27A00A56670 /* delegate-timerTests */,
				3A1DB2152973E27A00A56670 /* delegate-timerUITests */,
				3A1DB1F32973E27900A56670 /* Products */,
			);
			sourceTree = "<group>";
		};
		3A1DB1F32973E27900A56670 /* Products */ = {
			isa = PBXGroup;
			children = (
				3A1DB1F22973E27900A56670 /* delegate-timer.app */,
				3A1DB2082973E27A00A56670 /* delegate-timerTests.xctest */,
				3A1DB2122973E27A00A56670 /* delegate-timerUITests.xctest */,
			);
			name = Products;
			sourceTree = "<group>";
		};
		3A1DB1F42973E27900A56670 /* delegate-timer */ = {
			isa = PBXGroup;
			children = (
				3A1DB1F52973E27900A56670 /* AppDelegate.swift */,
				3A1DB1F72973E27900A56670 /* SceneDelegate.swift */,
				3A1DB1F92973E27900A56670 /* ViewController.swift */,
				3A1DB1FB2973E27900A56670 /* Main.storyboard */,
				3A1DB1FE2973E27A00A56670 /* Assets.xcassets */,
				3A1DB2002973E27A00A56670 /* LaunchScreen.storyboard */,
				3A1DB2032973E27A00A56670 /* Info.plist */,
			);
			path = "delegate-timer";
			sourceTree = "<group>";
		};
		3A1DB20B2973E27A00A56670 /* delegate-timerTests */ = {
			isa = PBXGroup;
			children = (
				3A1DB20C2973E27A00A56670 /* delegate_timerTests.swift */,
			);
			path = "delegate-timerTests";
			sourceTree = "<group>";
		};
		3A1DB2152973E27A00A56670 /* delegate-timerUITests */ = {
			isa = PBXGroup;
			children = (
				3A1DB2162973E27A00A56670 /* delegate_timerUITests.swift */,
				3A1DB2182973E27A00A56670 /* delegate_timerUITestsLaunchTests.swift */,
			);
			path = "delegate-timerUITests";
			sourceTree = "<group>";
		};
/* End PBXGroup section */

/* Begin PBXNativeTarget section */
		3A1DB1F12973E27900A56670 /* delegate-timer */ = {
			isa = PBXNativeTarget;
			buildConfigurationList = 3A1DB21C2973E27A00A56670 /* Build configuration list for PBXNativeTarget "delegate-timer" */;
			buildPhases = (
				3A1DB1EE2973E27900A56670 /* Sources */,
				3A1DB1EF2973E27900A56670 /* Frameworks */,
				3A1DB1F02973E27900A56670 /* Resources */,
			);
			buildRules = (
			);
			dependencies = (
			);
			name = "delegate-timer";
			productName = "delegate-timer";
			productReference = 3A1DB1F22973E27900A56670 /* delegate-timer.app */;
			productType = "com.apple.product-type.application";
		};
		3A1DB2072973E27A00A56670 /* delegate-timerTests */ = {
			isa = PBXNativeTarget;
			buildConfigurationList = 3A1DB21F2973E27A00A56670 /* Build configuration list for PBXNativeTarget "delegate-timerTests" */;
			buildPhases = (
				3A1DB2042973E27A00A56670 /* Sources */,
				3A1DB2052973E27A00A56670 /* Frameworks */,
				3A1DB2062973E27A00A56670 /* Resources */,
			);
			buildRules = (
			);
			dependencies = (
				3A1DB20A2973E27A00A56670 /* PBXTargetDependency */,
			);
			name = "delegate-timerTests";
			productName = "delegate-timerTests";
			productReference = 3A1DB2082973E27A00A56670 /* delegate-timerTests.xctest */;
			productType = "com.apple.product-type.bundle.unit-test";
		};
		3A1DB2112973E27A00A56670 /* delegate-timerUITests */ = {
			isa = PBXNativeTarget;
			buildConfigurationList = 3A1DB2222973E27A00A56670 /* Build configuration list for PBXNativeTarget "delegate-timerUITests" */;
			buildPhases = (
				3A1DB20E2973E27A00A56670 /* Sources */,
				3A1DB20F2973E27A00A56670 /* Frameworks */,
				3A1DB2102973E27A00A56670 /* Resources */,
			);
			buildRules = (
			);
			dependencies = (
				3A1DB2142973E27A00A56670 /* PBXTargetDependency */,
			);
			name = "delegate-timerUITests";
			productName = "delegate-timerUITests";
			productReference = 3A1DB2122973E27A00A56670 /* delegate-timerUITests.xctest */;
			productType = "com.apple.product-type.bundle.ui-testing";
		};
/* End PBXNativeTarget section */

/* Begin PBXProject section */
		3A1DB1EA2973E27900A56670 /* Project object */ = {
			isa = PBXProject;
			attributes = {
				BuildIndependentTargetsInParallel = 1;
				LastSwiftUpdateCheck = 1410;
				LastUpgradeCheck = 1410;
				TargetAttributes = {
					3A1DB1F12973E27900A56670 = {
						CreatedOnToolsVersion = 14.1;
					};
					3A1DB2072973E27A00A56670 = {
						CreatedOnToolsVersion = 14.1;
						TestTargetID = 3A1DB1F12973E27900A56670;
					};
					3A1DB2112973E27A00A56670 = {
						CreatedOnToolsVersion = 14.1;
						TestTargetID = 3A1DB1F12973E27900A56670;
					};
				};
			};
			buildConfigurationList = 3A1DB1ED2973E27900A56670 /* Build configuration list for PBXProject "delegate-timer" */;
			compatibilityVersion = "Xcode 14.0";
			developmentRegion = en;
			hasScannedForEncodings = 0;
			knownRegions = (
				en,
				Base,
			);
			mainGroup = 3A1DB1E92973E27900A56670;
			productRefGroup = 3A1DB1F32973E27900A56670 /* Products */;
			projectDirPath = "";
			projectRoot = "";
			targets = (
				3A1DB1F12973E27900A56670 /* delegate-timer */,
				3A1DB2072973E27A00A56670 /* delegate-timerTests */,
				3A1DB2112973E27A00A56670 /* delegate-timerUITests */,
			);
		};
/* End PBXProject section */

/* Begin PBXResourcesBuildPhase section */
		3A1DB1F02973E27900A56670 /* Resources */ = {
			isa = PBXResourcesBuildPhase;
			buildActionMask = 2147483647;
			files = (
				3A1DB2022973E27A00A56670 /* LaunchScreen.storyboard in Resources */,
				3A1DB1FF2973E27A00A56670 /* Assets.xcassets in Resources */,
				3A1DB1FD2973E27900A56670 /* Main.storyboard in Resources */,
			);
			runOnlyForDeploymentPostprocessing = 0;
		};
		3A1DB2062973E27A00A56670 /* Resources */ = {
			isa = PBXResourcesBuildPhase;
			buildActionMask = 2147483647;
			files = (
			);
			runOnlyForDeploymentPostprocessing = 0;
		};
		3A1DB2102973E27A00A56670 /* Resources */ = {
			isa = PBXResourcesBuildPhase;
			buildActionMask = 2147483647;
			files = (
			);
			runOnlyForDeploymentPostprocessing = 0;
		};
/* End PBXResourcesBuildPhase section */

/* Begin PBXSourcesBuildPhase section */
		3A1DB1EE2973E27900A56670 /* Sources */ = {
			isa = PBXSourcesBuildPhase;
			buildActionMask = 2147483647;
			files = (
				3A1DB1FA2973E27900A56670 /* ViewController.swift in Sources */,
				3A1DB1F62973E27900A56670 /* AppDelegate.swift in Sources */,
				3A1DB1F82973E27900A56670 /* SceneDelegate.swift in Sources */,
			);
			runOnlyForDeploymentPostprocessing = 0;
		};
		3A1DB2042973E27A00A56670 /* Sources */ = {
			isa = PBXSourcesBuildPhase;
			buildActionMask = 2147483647;
			files = (
				3A1DB20D2973E27A00A56670 /* delegate_timerTests.swift in Sources */,
			);
			runOnlyForDeploymentPostprocessing = 0;
		};
		3A1DB20E2973E27A00A56670 /* Sources */ = {
			isa = PBXSourcesBuildPhase;
			buildActionMask = 2147483647;
			files = (
				3A1DB2172973E27A00A56670 /* delegate_timerUITests.swift in Sources */,
				3A1DB2192973E27A00A56670 /* delegate_timerUITestsLaunchTests.swift in Sources */,
			);
			runOnlyForDeploymentPostprocessing = 0;
		};
/* End PBXSourcesBuildPhase section */

/* Begin PBXTargetDependency section */
		3A1DB20A2973E27A00A56670 /* PBXTargetDependency */ = {
			isa = PBXTargetDependency;
			target = 3A1DB1F12973E27900A56670 /* delegate-timer */;
			targetProxy = 3A1DB2092973E27A00A56670 /* PBXContainerItemProxy */;
		};
		3A1DB2142973E27A00A56670 /* PBXTargetDependency */ = {
			isa = PBXTargetDependency;
			target = 3A1DB1F12973E27900A56670 /* delegate-timer */;
			targetProxy = 3A1DB2132973E27A00A56670 /* PBXContainerItemProxy */;
		};
/* End PBXTargetDependency section */

/* Begin PBXVariantGroup section */
		3A1DB1FB2973E27900A56670 /* Main.storyboard */ = {
			isa = PBXVariantGroup;
			children = (
				3A1DB1FC2973E27900A56670 /* Base */,
			);
			name = Main.storyboard;
			sourceTree = "<group>";
		};
		3A1DB2002973E27A00A56670 /* LaunchScreen.storyboard */ = {
			isa = PBXVariantGroup;
			children = (
				3A1DB2012973E27A00A56670 /* Base */,
			);
			name = LaunchScreen.storyboard;
			sourceTree = "<group>";
		};
/* End PBXVariantGroup section */

/* Begin XCBuildConfiguration section */
		3A1DB21A2973E27A00A56670 /* Debug */ = {
			isa = XCBuildConfiguration;
			buildSettings = {
				ALWAYS_SEARCH_USER_PATHS = NO;
				CLANG_ANALYZER_NONNULL = YES;
				CLANG_ANALYZER_NUMBER_OBJECT_CONVERSION = YES_AGGRESSIVE;
				CLANG_CXX_LANGUAGE_STANDARD = "gnu++20";
				CLANG_ENABLE_MODULES = YES;
				CLANG_ENABLE_OBJC_ARC = YES;
				CLANG_ENABLE_OBJC_WEAK = YES;
				CLANG_WARN_BLOCK_CAPTURE_AUTORELEASING = YES;
				CLANG_WARN_BOOL_CONVERSION = YES;
				CLANG_WARN_COMMA = YES;
				CLANG_WARN_CONSTANT_CONVERSION = YES;
				CLANG_WARN_DEPRECATED_OBJC_IMPLEMENTATIONS = YES;
				CLANG_WARN_DIRECT_OBJC_ISA_USAGE = YES_ERROR;
				CLANG_WARN_DOCUMENTATION_COMMENTS = YES;
				CLANG_WARN_EMPTY_BODY = YES;
				CLANG_WARN_ENUM_CONVERSION = YES;
				CLANG_WARN_INFINITE_RECURSION = YES;
				CLANG_WARN_INT_CONVERSION = YES;
				CLANG_WARN_NON_LITERAL_NULL_CONVERSION = YES;
				CLANG_WARN_OBJC_IMPLICIT_RETAIN_SELF = YES;
				CLANG_WARN_OBJC_LITERAL_CONVERSION = YES;
				CLANG_WARN_OBJC_ROOT_CLASS = YES_ERROR;
				CLANG_WARN_QUOTED_INCLUDE_IN_FRAMEWORK_HEADER = YES;
				CLANG_WARN_RANGE_LOOP_ANALYSIS = YES;
				CLANG_WARN_STRICT_PROTOTYPES = YES;
				CLANG_WARN_SUSPICIOUS_MOVE = YES;
				CLANG_WARN_UNGUARDED_AVAILABILITY = YES_AGGRESSIVE;
				CLANG_WARN_UNREACHABLE_CODE = YES;
				CLANG_WARN__DUPLICATE_METHOD_MATCH = YES;
				COPY_PHASE_STRIP = NO;
				DEBUG_INFORMATION_FORMAT = dwarf;
				ENABLE_STRICT_OBJC_MSGSEND = YES;
				ENABLE_TESTABILITY = YES;
				GCC_C_LANGUAGE_STANDARD = gnu11;
				GCC_DYNAMIC_NO_PIC = NO;
				GCC_NO_COMMON_BLOCKS = YES;
				GCC_OPTIMIZATION_LEVEL = 0;
				GCC_PREPROCESSOR_DEFINITIONS = (
					"DEBUG=1",
					"$(inherited)",
				);
				GCC_WARN_64_TO_32_BIT_CONVERSION = YES;
				GCC_WARN_ABOUT_RETURN_TYPE = YES_ERROR;
				GCC_WARN_UNDECLARED_SELECTOR = YES;
				GCC_WARN_UNINITIALIZED_AUTOS = YES_AGGRESSIVE;
				GCC_WARN_UNUSED_FUNCTION = YES;
				GCC_WARN_UNUSED_VARIABLE = YES;
				IPHONEOS_DEPLOYMENT_TARGET = 16.1;
				MTL_ENABLE_DEBUG_INFO = INCLUDE_SOURCE;
				MTL_FAST_MATH = YES;
				ONLY_ACTIVE_ARCH = YES;
				SDKROOT = iphoneos;
				SWIFT_ACTIVE_COMPILATION_CONDITIONS = DEBUG;
				SWIFT_OPTIMIZATION_LEVEL = "-Onone";
			};
			name = Debug;
		};
		3A1DB21B2973E27A00A56670 /* Release */ = {
			isa = XCBuildConfiguration;
			buildSettings = {
				ALWAYS_SEARCH_USER_PATHS = NO;
				CLANG_ANALYZER_NONNULL = YES;
				CLANG_ANALYZER_NUMBER_OBJECT_CONVERSION = YES_AGGRESSIVE;
				CLANG_CXX_LANGUAGE_STANDARD = "gnu++20";
				CLANG_ENABLE_MODULES = YES;
				CLANG_ENABLE_OBJC_ARC = YES;
				CLANG_ENABLE_OBJC_WEAK = YES;
				CLANG_WARN_BLOCK_CAPTURE_AUTORELEASING = YES;
				CLANG_WARN_BOOL_CONVERSION = YES;
				CLANG_WARN_COMMA = YES;
				CLANG_WARN_CONSTANT_CONVERSION = YES;
				CLANG_WARN_DEPRECATED_OBJC_IMPLEMENTATIONS = YES;
				CLANG_WARN_DIRECT_OBJC_ISA_USAGE = YES_ERROR;
				CLANG_WARN_DOCUMENTATION_COMMENTS = YES;
				CLANG_WARN_EMPTY_BODY = YES;
				CLANG_WARN_ENUM_CONVERSION = YES;
				CLANG_WARN_INFINITE_RECURSION = YES;
				CLANG_WARN_INT_CONVERSION = YES;
				CLANG_WARN_NON_LITERAL_NULL_CONVERSION = YES;
				CLANG_WARN_OBJC_IMPLICIT_RETAIN_SELF = YES;
				CLANG_WARN_OBJC_LITERAL_CONVERSION = YES;
				CLANG_WARN_OBJC_ROOT_CLASS = YES_ERROR;
				CLANG_WARN_QUOTED_INCLUDE_IN_FRAMEWORK_HEADER = YES;
				CLANG_WARN_RANGE_LOOP_ANALYSIS = YES;
				CLANG_WARN_STRICT_PROTOTYPES = YES;
				CLANG_WARN_SUSPICIOUS_MOVE = YES;
				CLANG_WARN_UNGUARDED_AVAILABILITY = YES_AGGRESSIVE;
				CLANG_WARN_UNREACHABLE_CODE = YES;
				CLANG_WARN__DUPLICATE_METHOD_MATCH = YES;
				COPY_PHASE_STRIP = NO;
				DEBUG_INFORMATION_FORMAT = "dwarf-with-dsym";
				ENABLE_NS_ASSERTIONS = NO;
				ENABLE_STRICT_OBJC_MSGSEND = YES;
				GCC_C_LANGUAGE_STANDARD = gnu11;
				GCC_NO_COMMON_BLOCKS = YES;
				GCC_WARN_64_TO_32_BIT_CONVERSION = YES;
				GCC_WARN_ABOUT_RETURN_TYPE = YES_ERROR;
				GCC_WARN_UNDECLARED_SELECTOR = YES;
				GCC_WARN_UNINITIALIZED_AUTOS = YES_AGGRESSIVE;
				GCC_WARN_UNUSED_FUNCTION = YES;
				GCC_WARN_UNUSED_VARIABLE = YES;
				IPHONEOS_DEPLOYMENT_TARGET = 16.1;
				MTL_ENABLE_DEBUG_INFO = NO;
				MTL_FAST_MATH = YES;
				SDKROOT = iphoneos;
				SWIFT_COMPILATION_MODE = wholemodule;
				SWIFT_OPTIMIZATION_LEVEL = "-O";
				VALIDATE_PRODUCT = YES;
			};
			name = Release;
		};
		3A1DB21D2973E27A00A56670 /* Debug */ = {
			isa = XCBuildConfiguration;
			buildSettings = {
				ASSETCATALOG_COMPILER_APPICON_NAME = AppIcon;
				ASSETCATALOG_COMPILER_GLOBAL_ACCENT_COLOR_NAME = AccentColor;
				CODE_SIGN_STYLE = Automatic;
				CURRENT_PROJECT_VERSION = 1;
				DEVELOPMENT_TEAM = 4W9BJUAY8P;
				GENERATE_INFOPLIST_FILE = YES;
				INFOPLIST_FILE = "delegate-timer/Info.plist";
				INFOPLIST_KEY_UIApplicationSupportsIndirectInputEvents = YES;
				INFOPLIST_KEY_UILaunchStoryboardName = LaunchScreen;
				INFOPLIST_KEY_UIMainStoryboardFile = Main;
				INFOPLIST_KEY_UISupportedInterfaceOrientations_iPad = "UIInterfaceOrientationPortrait UIInterfaceOrientationPortraitUpsideDown UIInterfaceOrientationLandscapeLeft UIInterfaceOrientationLandscapeRight";
				INFOPLIST_KEY_UISupportedInterfaceOrientations_iPhone = "UIInterfaceOrientationPortrait UIInterfaceOrientationLandscapeLeft UIInterfaceOrientationLandscapeRight";
				LD_RUNPATH_SEARCH_PATHS = (
					"$(inherited)",
					"@executable_path/Frameworks",
				);
				MARKETING_VERSION = 1.0;
				PRODUCT_BUNDLE_IDENTIFIER = "com.sjyt.delegate-timer";
				PRODUCT_NAME = "$(TARGET_NAME)";
				SWIFT_EMIT_LOC_STRINGS = YES;
				SWIFT_VERSION = 5.0;
				TARGETED_DEVICE_FAMILY = "1,2";
			};
			name = Debug;
		};
		3A1DB21E2973E27A00A56670 /* Release */ = {
			isa = XCBuildConfiguration;
			buildSettings = {
				ASSETCATALOG_COMPILER_APPICON_NAME = AppIcon;
				ASSETCATALOG_COMPILER_GLOBAL_ACCENT_COLOR_NAME = AccentColor;
				CODE_SIGN_STYLE = Automatic;
				CURRENT_PROJECT_VERSION = 1;
				DEVELOPMENT_TEAM = 4W9BJUAY8P;
				GENERATE_INFOPLIST_FILE = YES;
				INFOPLIST_FILE = "delegate-timer/Info.plist";
				INFOPLIST_KEY_UIApplicationSupportsIndirectInputEvents = YES;
				INFOPLIST_KEY_UILaunchStoryboardName = LaunchScreen;
				INFOPLIST_KEY_UIMainStoryboardFile = Main;
				INFOPLIST_KEY_UISupportedInterfaceOrientations_iPad = "UIInterfaceOrientationPortrait UIInterfaceOrientationPortraitUpsideDown UIInterfaceOrientationLandscapeLeft UIInterfaceOrientationLandscapeRight";
				INFOPLIST_KEY_UISupportedInterfaceOrientations_iPhone = "UIInterfaceOrientationPortrait UIInterfaceOrientationLandscapeLeft UIInterfaceOrientationLandscapeRight";
				LD_RUNPATH_SEARCH_PATHS = (
					"$(inherited)",
					"@executable_path/Frameworks",
				);
				MARKETING_VERSION = 1.0;
				PRODUCT_BUNDLE_IDENTIFIER = "com.sjyt.delegate-timer";
				PRODUCT_NAME = "$(TARGET_NAME)";
				SWIFT_EMIT_LOC_STRINGS = YES;
				SWIFT_VERSION = 5.0;
				TARGETED_DEVICE_FAMILY = "1,2";
			};
			name = Release;
		};
		3A1DB2202973E27A00A56670 /* Debug */ = {
			isa = XCBuildConfiguration;
			buildSettings = {
				ALWAYS_EMBED_SWIFT_STANDARD_LIBRARIES = YES;
				BUNDLE_LOADER = "$(TEST_HOST)";
				CODE_SIGN_STYLE = Automatic;
				CURRENT_PROJECT_VERSION = 1;
				DEVELOPMENT_TEAM = 4W9BJUAY8P;
				GENERATE_INFOPLIST_FILE = YES;
				IPHONEOS_DEPLOYMENT_TARGET = 16.1;
				MARKETING_VERSION = 1.0;
				PRODUCT_BUNDLE_IDENTIFIER = "com.sjyt.delegate-timerTests";
				PRODUCT_NAME = "$(TARGET_NAME)";
				SWIFT_EMIT_LOC_STRINGS = NO;
				SWIFT_VERSION = 5.0;
				TARGETED_DEVICE_FAMILY = "1,2";
				TEST_HOST = "$(BUILT_PRODUCTS_DIR)/delegate-timer.app/$(BUNDLE_EXECUTABLE_FOLDER_PATH)/delegate-timer";
			};
			name = Debug;
		};
		3A1DB2212973E27A00A56670 /* Release */ = {
			isa = XCBuildConfiguration;
			buildSettings = {
				ALWAYS_EMBED_SWIFT_STANDARD_LIBRARIES = YES;
				BUNDLE_LOADER = "$(TEST_HOST)";
				CODE_SIGN_STYLE = Automatic;
				CURRENT_PROJECT_VERSION = 1;
				DEVELOPMENT_TEAM = 4W9BJUAY8P;
				GENERATE_INFOPLIST_FILE = YES;
				IPHONEOS_DEPLOYMENT_TARGET = 16.1;
				MARKETING_VERSION = 1.0;
				PRODUCT_BUNDLE_IDENTIFIER = "com.sjyt.delegate-timerTests";
				PRODUCT_NAME = "$(TARGET_NAME)";
				SWIFT_EMIT_LOC_STRINGS = NO;
				SWIFT_VERSION = 5.0;
				TARGETED_DEVICE_FAMILY = "1,2";
				TEST_HOST = "$(BUILT_PRODUCTS_DIR)/delegate-timer.app/$(BUNDLE_EXECUTABLE_FOLDER_PATH)/delegate-timer";
			};
			name = Release;
		};
		3A1DB2232973E27A00A56670 /* Debug */ = {
			isa = XCBuildConfiguration;
			buildSettings = {
				ALWAYS_EMBED_SWIFT_STANDARD_LIBRARIES = YES;
				CODE_SIGN_STYLE = Automatic;
				CURRENT_PROJECT_VERSION = 1;
				DEVELOPMENT_TEAM = 4W9BJUAY8P;
				GENERATE_INFOPLIST_FILE = YES;
				MARKETING_VERSION = 1.0;
				PRODUCT_BUNDLE_IDENTIFIER = "com.sjyt.delegate-timerUITests";
				PRODUCT_NAME = "$(TARGET_NAME)";
				SWIFT_EMIT_LOC_STRINGS = NO;
				SWIFT_VERSION = 5.0;
				TARGETED_DEVICE_FAMILY = "1,2";
				TEST_TARGET_NAME = "delegate-timer";
			};
			name = Debug;
		};
		3A1DB2242973E27A00A56670 /* Release */ = {
			isa = XCBuildConfiguration;
			buildSettings = {
				ALWAYS_EMBED_SWIFT_STANDARD_LIBRARIES = YES;
				CODE_SIGN_STYLE = Automatic;
				CURRENT_PROJECT_VERSION = 1;
				DEVELOPMENT_TEAM = 4W9BJUAY8P;
				GENERATE_INFOPLIST_FILE = YES;
				MARKETING_VERSION = 1.0;
				PRODUCT_BUNDLE_IDENTIFIER = "com.sjyt.delegate-timerUITests";
				PRODUCT_NAME = "$(TARGET_NAME)";
				SWIFT_EMIT_LOC_STRINGS = NO;
				SWIFT_VERSION = 5.0;
				TARGETED_DEVICE_FAMILY = "1,2";
				TEST_TARGET_NAME = "delegate-timer";
			};
			name = Release;
		};
/* End XCBuildConfiguration section */

/* Begin XCConfigurationList section */
		3A1DB1ED2973E27900A56670 /* Build configuration list for PBXProject "delegate-timer" */ = {
			isa = XCConfigurationList;
			buildConfigurations = (
				3A1DB21A2973E27A00A56670 /* Debug */,
				3A1DB21B2973E27A00A56670 /* Release */,
			);
			defaultConfigurationIsVisible = 0;
			defaultConfigurationName = Release;
		};
		3A1DB21C2973E27A00A56670 /* Build configuration list for PBXNativeTarget "delegate-timer" */ = {
			isa = XCConfigurationList;
			buildConfigurations = (
				3A1DB21D2973E27A00A56670 /* Debug */,
				3A1DB21E2973E27A00A56670 /* Release */,
			);
			defaultConfigurationIsVisible = 0;
			defaultConfigurationName = Release;
		};
		3A1DB21F2973E27A00A56670 /* Build configuration list for PBXNativeTarget "delegate-timerTests" */ = {
			isa = XCConfigurationList;
			buildConfigurations = (
				3A1DB2202973E27A00A56670 /* Debug */,
				3A1DB2212973E27A00A56670 /* Release */,
			);
			defaultConfigurationIsVisible = 0;
			defaultConfigurationName = Release;
		};
		3A1DB2222973E27A00A56670 /* Build configuration list for PBXNativeTarget "delegate-timerUITests" */ = {
			isa = XCConfigurationList;
			buildConfigurations = (
				3A1DB2232973E27A00A56670 /* Debug */,
				3A1DB2242973E27A00A56670 /* Release */,
			);
			defaultConfigurationIsVisible = 0;
			defaultConfigurationName = Release;
		};
/* End XCConfigurationList section */
	};
	rootObject = 3A1DB1EA2973E27900A56670 /* Project object */;
}
